
Microsoft Visual Studio Solution File, Format Version 12.00
# Visual Studio 15
Project("{FAE04EC0-301F-11D3-BF4B-00C04F79EFBC}") = "vr_escape-master", "Assembly-CSharp.csproj", "{92935C5D-9A18-07AC-2A97-DE4915A55647}"
EndProject
Project("{FAE04EC0-301F-11D3-BF4B-00C04F79EFBC}") = "vr_escape-master", "Assembly-CSharp-Editor.csproj", "{B11ADD10-6021-2EC4-1EA1-BA9FAE165FFD}"
EndProject
Global
	GlobalSection(SolutionConfigurationPlatforms) = preSolution
		Debug|Any CPU = Debug|Any CPU
		Release|Any CPU = Release|Any CPU
	EndGlobalSection
	GlobalSection(ProjectConfigurationPlatforms) = postSolution
		{92935C5D-9A18-07AC-2A97-DE4915A55647}.Debug|Any CPU.ActiveCfg = Debug|Any CPU
		{92935C5D-9A18-07AC-2A97-DE4915A55647}.Debug|Any CPU.Build.0 = Debug|Any CPU
		{92935C5D-9A18-07AC-2A97-DE4915A55647}.Release|Any CPU.ActiveCfg = Release|Any CPU
		{92935C5D-9A18-07AC-2A97-DE4915A55647}.Release|Any CPU.Build.0 = Release|Any CPU
		{B11ADD10-6021-2EC4-1EA1-BA9FAE165FFD}.Debug|Any CPU.ActiveCfg = Debug|Any CPU
		{B11ADD10-6021-2EC4-1EA1-BA9FAE165FFD}.Debug|Any CPU.Build.0 = Debug|Any CPU
		{B11ADD10-6021-2EC4-1EA1-BA9FAE165FFD}.Release|Any CPU.ActiveCfg = Release|Any CPU
		{B11ADD10-6021-2EC4-1EA1-BA9FAE165FFD}.Release|Any CPU.Build.0 = Release|Any CPU
	EndGlobalSection
	GlobalSection(SolutionProperties) = preSolution
		HideSolutionNode = FALSE
	EndGlobalSection
EndGlobal
